
Microsoft Visual Studio Solution File, Format Version 12.00
# Visual Studio Version 16
VisualStudioVersion = 16.0.29926.136
MinimumVisualStudioVersion = 10.0.40219.1
Project("{888888A0-9F3D-457C-B088-3A5042F75D52}") = "Regression", "Regression.pyproj", "{A042C47E-B7CE-43D4-8DB4-5E3D7B40DBA1}"
EndProject
Global
	GlobalSection(SolutionConfigurationPlatforms) = preSolution
		Debug|Any CPU = Debug|Any CPU
		Release|Any CPU = Release|Any CPU
	EndGlobalSection
	GlobalSection(ProjectConfigurationPlatforms) = postSolution
		{A042C47E-B7CE-43D4-8DB4-5E3D7B40DBA1}.Debug|Any CPU.ActiveCfg = Debug|Any CPU
		{A042C47E-B7CE-43D4-8DB4-5E3D7B40DBA1}.Release|Any CPU.ActiveCfg = Release|Any CPU
	EndGlobalSection
	GlobalSection(SolutionProperties) = preSolution
		HideSolutionNode = FALSE
	EndGlobalSection
	GlobalSection(ExtensibilityGlobals) = postSolution
		SolutionGuid = {0E821E71-611D-488A-828C-E19C0C1BB9BB}
	EndGlobalSection
EndGlobal
